
Microsoft Visual Studio Solution File, Format Version 12.00
# Visual Studio 2012
Project("{FAE04EC0-301F-11D3-BF4B-00C04F79EFBC}") = "ThreadSafeCollections", "ThreadSafeCollections\ThreadSafeCollections.csproj", "{15C67C85-E2B8-4D80-87DC-07218F072869}"
EndProject
Global
	GlobalSection(SolutionConfigurationPlatforms) = preSolution
		Debug|Any CPU = Debug|Any CPU
		Release|Any CPU = Release|Any CPU
	EndGlobalSection
	GlobalSection(ProjectConfigurationPlatforms) = postSolution
		{15C67C85-E2B8-4D80-87DC-07218F072869}.Debug|Any CPU.ActiveCfg = Debug|Any CPU
		{15C67C85-E2B8-4D80-87DC-07218F072869}.Debug|Any CPU.Build.0 = Debug|Any CPU
		{15C67C85-E2B8-4D80-87DC-07218F072869}.Release|Any CPU.ActiveCfg = Release|Any CPU
		{15C67C85-E2B8-4D80-87DC-07218F072869}.Release|Any CPU.Build.0 = Release|Any CPU
	EndGlobalSection
	GlobalSection(SolutionProperties) = preSolution
		HideSolutionNode = FALSE
	EndGlobalSection
EndGlobal
